
Microsoft Visual Studio Solution File, Format Version 12.00
# Visual Studio Version 17
VisualStudioVersion = 17.5.002.0
MinimumVisualStudioVersion = 10.0.40219.1
Project("{9A19103F-16F7-4668-BE54-9A1E7A4F7556}") = "test-client-blazor", "test-client-blazor.csproj", "{28258FE8-AF53-4506-AEB5-BEA1A1DCBD1C}"
EndProject
Global
	GlobalSection(SolutionConfigurationPlatforms) = preSolution
		Debug|Any CPU = Debug|Any CPU
		Release|Any CPU = Release|Any CPU
	EndGlobalSection
	GlobalSection(ProjectConfigurationPlatforms) = postSolution
		{28258FE8-AF53-4506-AEB5-BEA1A1DCBD1C}.Debug|Any CPU.ActiveCfg = Debug|Any CPU
		{28258FE8-AF53-4506-AEB5-BEA1A1DCBD1C}.Debug|Any CPU.Build.0 = Debug|Any CPU
		{28258FE8-AF53-4506-AEB5-BEA1A1DCBD1C}.Release|Any CPU.ActiveCfg = Release|Any CPU
		{28258FE8-AF53-4506-AEB5-BEA1A1DCBD1C}.Release|Any CPU.Build.0 = Release|Any CPU
	EndGlobalSection
	GlobalSection(SolutionProperties) = preSolution
		HideSolutionNode = FALSE
	EndGlobalSection
	GlobalSection(ExtensibilityGlobals) = postSolution
		SolutionGuid = {5B79CEC4-B5FF-470A-A2F8-D0D3D254118D}
	EndGlobalSection
EndGlobal
